
Microsoft Visual Studio Solution File, Format Version 12.00
# Visual Studio Version 17
VisualStudioVersion = 17.11.35222.181
MinimumVisualStudioVersion = 10.0.40219.1
Project("{FAE04EC0-301F-11D3-BF4B-00C04F79EFBC}") = "ConfigBuilder", "ConfigBuilder\ConfigBuilder.csproj", "{B1B7486B-BD3F-42BD-81E4-3325C8F73D31}"
EndProject
Project("{FAE04EC0-301F-11D3-BF4B-00C04F79EFBC}") = "ClassLibrary", "ClassLibrary\ClassLibrary.csproj", "{60BE7F15-360B-4658-9C7A-8B6CD8FA321E}"
EndProject
Global
	GlobalSection(SolutionConfigurationPlatforms) = preSolution
		Debug|Any CPU = Debug|Any CPU
		Release|Any CPU = Release|Any CPU
	EndGlobalSection
	GlobalSection(ProjectConfigurationPlatforms) = postSolution
		{B1B7486B-BD3F-42BD-81E4-3325C8F73D31}.Debug|Any CPU.ActiveCfg = Debug|Any CPU
		{B1B7486B-BD3F-42BD-81E4-3325C8F73D31}.Debug|Any CPU.Build.0 = Debug|Any CPU
		{B1B7486B-BD3F-42BD-81E4-3325C8F73D31}.Release|Any CPU.ActiveCfg = Release|Any CPU
		{B1B7486B-BD3F-42BD-81E4-3325C8F73D31}.Release|Any CPU.Build.0 = Release|Any CPU
		{60BE7F15-360B-4658-9C7A-8B6CD8FA321E}.Debug|Any CPU.ActiveCfg = Debug|Any CPU
		{60BE7F15-360B-4658-9C7A-8B6CD8FA321E}.Debug|Any CPU.Build.0 = Debug|Any CPU
		{60BE7F15-360B-4658-9C7A-8B6CD8FA321E}.Release|Any CPU.ActiveCfg = Release|Any CPU
		{60BE7F15-360B-4658-9C7A-8B6CD8FA321E}.Release|Any CPU.Build.0 = Release|Any CPU
	EndGlobalSection
	GlobalSection(SolutionProperties) = preSolution
		HideSolutionNode = FALSE
	EndGlobalSection
	GlobalSection(ExtensibilityGlobals) = postSolution
		SolutionGuid = {692BF4C0-83A0-484A-B2FA-2077075EEC23}
	EndGlobalSection
EndGlobal
